
Microsoft Visual Studio Solution File, Format Version 12.00
# Visual Studio 15
VisualStudioVersion = 15.0.27703.2026
MinimumVisualStudioVersion = 10.0.40219.1
Project("{FAE04EC0-301F-11D3-BF4B-00C04F79EFBC}") = "FloraEjemplo.Android", "FloraEjemplo\FloraEjemplo.Android\FloraEjemplo.Android.csproj", "{871AE80F-AC93-4E83-9535-C477B5157FA0}"
EndProject
Project("{FAE04EC0-301F-11D3-BF4B-00C04F79EFBC}") = "FloraEjemplo.iOS", "FloraEjemplo\FloraEjemplo.iOS\FloraEjemplo.iOS.csproj", "{EC21E99F-D5E6-4940-9677-195E5A4DED3A}"
EndProject
Project("{FAE04EC0-301F-11D3-BF4B-00C04F79EFBC}") = "FloraEjemplo", "FloraEjemplo\FloraEjemplo\FloraEjemplo.csproj", "{E00C278B-5048-4AB1-8D28-D5D4E0939336}"
EndProject
Global
	GlobalSection(SolutionConfigurationPlatforms) = preSolution
		Ad-Hoc|Any CPU = Ad-Hoc|Any CPU
		Ad-Hoc|iPhone = Ad-Hoc|iPhone
		Ad-Hoc|iPhoneSimulator = Ad-Hoc|iPhoneSimulator
		AppStore|Any CPU = AppStore|Any CPU
		AppStore|iPhone = AppStore|iPhone
		AppStore|iPhoneSimulator = AppStore|iPhoneSimulator
		Debug|Any CPU = Debug|Any CPU
		Debug|iPhone = Debug|iPhone
		Debug|iPhoneSimulator = Debug|iPhoneSimulator
		Release|Any CPU = Release|Any CPU
		Release|iPhone = Release|iPhone
		Release|iPhoneSimulator = Release|iPhoneSimulator
	EndGlobalSection
	GlobalSection(ProjectConfigurationPlatforms) = postSolution
		{871AE80F-AC93-4E83-9535-C477B5157FA0}.Ad-Hoc|Any CPU.ActiveCfg = Release|Any CPU
		{871AE80F-AC93-4E83-9535-C477B5157FA0}.Ad-Hoc|Any CPU.Build.0 = Release|Any CPU
		{871AE80F-AC93-4E83-9535-C477B5157FA0}.Ad-Hoc|Any CPU.Deploy.0 = Release|Any CPU
		{871AE80F-AC93-4E83-9535-C477B5157FA0}.Ad-Hoc|iPhone.ActiveCfg = Release|Any CPU
		{871AE80F-AC93-4E83-9535-C477B5157FA0}.Ad-Hoc|iPhone.Build.0 = Release|Any CPU
		{871AE80F-AC93-4E83-9535-C477B5157FA0}.Ad-Hoc|iPhone.Deploy.0 = Release|Any CPU
		{871AE80F-AC93-4E83-9535-C477B5157FA0}.Ad-Hoc|iPhoneSimulator.ActiveCfg = Release|Any CPU
		{871AE80F-AC93-4E83-9535-C477B5157FA0}.Ad-Hoc|iPhoneSimulator.Build.0 = Release|Any CPU
		{871AE80F-AC93-4E83-9535-C477B5157FA0}.Ad-Hoc|iPhoneSimulator.Deploy.0 = Release|Any CPU
		{871AE80F-AC93-4E83-9535-C477B5157FA0}.AppStore|Any CPU.ActiveCfg = Release|Any CPU
		{871AE80F-AC93-4E83-9535-C477B5157FA0}.AppStore|Any CPU.Build.0 = Release|Any CPU
		{871AE80F-AC93-4E83-9535-C477B5157FA0}.AppStore|Any CPU.Deploy.0 = Release|Any CPU
		{871AE80F-AC93-4E83-9535-C477B5157FA0}.AppStore|iPhone.ActiveCfg = Release|Any CPU
		{871AE80F-AC93-4E83-9535-C477B5157FA0}.AppStore|iPhone.Build.0 = Release|Any CPU
		{871AE80F-AC93-4E83-9535-C477B5157FA0}.AppStore|iPhone.Deploy.0 = Release|Any CPU
		{871AE80F-AC93-4E83-9535-C477B5157FA0}.AppStore|iPhoneSimulator.ActiveCfg = Release|Any CPU
		{871AE80F-AC93-4E83-9535-C477B5157FA0}.AppStore|iPhoneSimulator.Build.0 = Release|Any CPU
		{871AE80F-AC93-4E83-9535-C477B5157FA0}.AppStore|iPhoneSimulator.Deploy.0 = Release|Any CPU
		{871AE80F-AC93-4E83-9535-C477B5157FA0}.Debug|Any CPU.ActiveCfg = Debug|Any CPU
		{871AE80F-AC93-4E83-9535-C477B5157FA0}.Debug|Any CPU.Build.0 = Debug|Any CPU
		{871AE80F-AC93-4E83-9535-C477B5157FA0}.Debug|Any CPU.Deploy.0 = Debug|Any CPU
		{871AE80F-AC93-4E83-9535-C477B5157FA0}.Debug|iPhone.ActiveCfg = Debug|Any CPU
		{871AE80F-AC93-4E83-9535-C477B5157FA0}.Debug|iPhone.Build.0 = Debug|Any CPU
		{871AE80F-AC93-4E83-9535-C477B5157FA0}.Debug|iPhone.Deploy.0 = Debug|Any CPU
		{871AE80F-AC93-4E83-9535-C477B5157FA0}.Debug|iPhoneSimulator.ActiveCfg = Debug|Any CPU
		{871AE80F-AC93-4E83-9535-C477B5157FA0}.Debug|iPhoneSimulator.Build.0 = Debug|Any CPU
		{871AE80F-AC93-4E83-9535-C477B5157FA0}.Debug|iPhoneSimulator.Deploy.0 = Debug|Any CPU
		{871AE80F-AC93-4E83-9535-C477B5157FA0}.Release|Any CPU.ActiveCfg = Release|Any CPU
		{871AE80F-AC93-4E83-9535-C477B5157FA0}.Release|Any CPU.Build.0 = Release|Any CPU
		{871AE80F-AC93-4E83-9535-C477B5157FA0}.Release|Any CPU.Deploy.0 = Release|Any CPU
		{871AE80F-AC93-4E83-9535-C477B5157FA0}.Release|iPhone.ActiveCfg = Release|Any CPU
		{871AE80F-AC93-4E83-9535-C477B5157FA0}.Release|iPhone.Build.0 = Release|Any CPU
		{871AE80F-AC93-4E83-9535-C477B5157FA0}.Release|iPhone.Deploy.0 = Release|Any CPU
		{871AE80F-AC93-4E83-9535-C477B5157FA0}.Release|iPhoneSimulator.ActiveCfg = Release|Any CPU
		{871AE80F-AC93-4E83-9535-C477B5157FA0}.Release|iPhoneSimulator.Build.0 = Release|Any CPU
		{871AE80F-AC93-4E83-9535-C477B5157FA0}.Release|iPhoneSimulator.Deploy.0 = Release|Any CPU
		{EC21E99F-D5E6-4940-9677-195E5A4DED3A}.Ad-Hoc|Any CPU.ActiveCfg = Ad-Hoc|iPhone
		{EC21E99F-D5E6-4940-9677-195E5A4DED3A}.Ad-Hoc|Any CPU.Build.0 = Ad-Hoc|iPhone
		{EC21E99F-D5E6-4940-9677-195E5A4DED3A}.Ad-Hoc|Any CPU.Deploy.0 = Ad-Hoc|iPhone
		{EC21E99F-D5E6-4940-9677-195E5A4DED3A}.Ad-Hoc|iPhone.ActiveCfg = Ad-Hoc|iPhone
		{EC21E99F-D5E6-4940-9677-195E5A4DED3A}.Ad-Hoc|iPhone.Build.0 = Ad-Hoc|iPhone
		{EC21E99F-D5E6-4940-9677-195E5A4DED3A}.Ad-Hoc|iPhone.Deploy.0 = Ad-Hoc|iPhone
		{EC21E99F-D5E6-4940-9677-195E5A4DED3A}.Ad-Hoc|iPhoneSimulator.ActiveCfg = Ad-Hoc|iPhoneSimulator
		{EC21E99F-D5E6-4940-9677-195E5A4DED3A}.Ad-Hoc|iPhoneSimulator.Build.0 = Ad-Hoc|iPhoneSimulator
		{EC21E99F-D5E6-4940-9677-195E5A4DED3A}.Ad-Hoc|iPhoneSimulator.Deploy.0 = Ad-Hoc|iPhoneSimulator
		{EC21E99F-D5E6-4940-9677-195E5A4DED3A}.AppStore|Any CPU.ActiveCfg = AppStore|iPhone
		{EC21E99F-D5E6-4940-9677-195E5A4DED3A}.AppStore|Any CPU.Build.0 = AppStore|iPhone
		{EC21E99F-D5E6-4940-9677-195E5A4DED3A}.AppStore|Any CPU.Deploy.0 = AppStore|iPhone
		{EC21E99F-D5E6-4940-9677-195E5A4DED3A}.AppStore|iPhone.ActiveCfg = AppStore|iPhone
		{EC21E99F-D5E6-4940-9677-195E5A4DED3A}.AppStore|iPhone.Build.0 = AppStore|iPhone
		{EC21E99F-D5E6-4940-9677-195E5A4DED3A}.AppStore|iPhone.Deploy.0 = AppStore|iPhone
		{EC21E99F-D5E6-4940-9677-195E5A4DED3A}.AppStore|iPhoneSimulator.ActiveCfg = AppStore|iPhoneSimulator
		{EC21E99F-D5E6-4940-9677-195E5A4DED3A}.AppStore|iPhoneSimulator.Build.0 = AppStore|iPhoneSimulator
		{EC21E99F-D5E6-4940-9677-195E5A4DED3A}.AppStore|iPhoneSimulator.Deploy.0 = AppStore|iPhoneSimulator
		{EC21E99F-D5E6-4940-9677-195E5A4DED3A}.Debug|Any CPU.ActiveCfg = Debug|iPhoneSimulator
		{EC21E99F-D5E6-4940-9677-195E5A4DED3A}.Debug|Any CPU.Build.0 = Debug|iPhoneSimulator
		{EC21E99F-D5E6-4940-9677-195E5A4DED3A}.Debug|Any CPU.Deploy.0 = Debug|iPhoneSimulator
		{EC21E99F-D5E6-4940-9677-195E5A4DED3A}.Debug|iPhone.ActiveCfg = Debug|iPhone
		{EC21E99F-D5E6-4940-9677-195E5A4DED3A}.Debug|iPhone.Build.0 = Debug|iPhone
		{EC21E99F-D5E6-4940-9677-195E5A4DED3A}.Debug|iPhone.Deploy.0 = Debug|iPhone
		{EC21E99F-D5E6-4940-9677-195E5A4DED3A}.Debug|iPhoneSimulator.ActiveCfg = Debug|iPhoneSimulator
		{EC21E99F-D5E6-4940-9677-195E5A4DED3A}.Debug|iPhoneSimulator.Build.0 = Debug|iPhoneSimulator
		{EC21E99F-D5E6-4940-9677-195E5A4DED3A}.Debug|iPhoneSimulator.Deploy.0 = Debug|iPhoneSimulator
		{EC21E99F-D5E6-4940-9677-195E5A4DED3A}.Release|Any CPU.ActiveCfg = Release|iPhone
		{EC21E99F-D5E6-4940-9677-195E5A4DED3A}.Release|Any CPU.Build.0 = Release|iPhone
		{EC21E99F-D5E6-4940-9677-195E5A4DED3A}.Release|Any CPU.Deploy.0 = Release|iPhone
		{EC21E99F-D5E6-4940-9677-195E5A4DED3A}.Release|iPhone.ActiveCfg = Release|iPhone
		{EC21E99F-D5E6-4940-9677-195E5A4DED3A}.Release|iPhone.Build.0 = Release|iPhone
		{EC21E99F-D5E6-4940-9677-195E5A4DED3A}.Release|iPhone.Deploy.0 = Release|iPhone
		{EC21E99F-D5E6-4940-9677-195E5A4DED3A}.Release|iPhoneSimulator.ActiveCfg = Release|iPhoneSimulator
		{EC21E99F-D5E6-4940-9677-195E5A4DED3A}.Release|iPhoneSimulator.Build.0 = Release|iPhoneSimulator
		{EC21E99F-D5E6-4940-9677-195E5A4DED3A}.Release|iPhoneSimulator.Deploy.0 = Release|iPhoneSimulator
		{E00C278B-5048-4AB1-8D28-D5D4E0939336}.Ad-Hoc|Any CPU.ActiveCfg = Debug|Any CPU
		{E00C278B-5048-4AB1-8D28-D5D4E0939336}.Ad-Hoc|Any CPU.Build.0 = Debug|Any CPU
		{E00C278B-5048-4AB1-8D28-D5D4E0939336}.Ad-Hoc|Any CPU.Deploy.0 = Debug|Any CPU
		{E00C278B-5048-4AB1-8D28-D5D4E0939336}.Ad-Hoc|iPhone.ActiveCfg = Debug|Any CPU
		{E00C278B-5048-4AB1-8D28-D5D4E0939336}.Ad-Hoc|iPhone.Build.0 = Debug|Any CPU
		{E00C278B-5048-4AB1-8D28-D5D4E0939336}.Ad-Hoc|iPhone.Deploy.0 = Debug|Any CPU
		{E00C278B-5048-4AB1-8D28-D5D4E0939336}.Ad-Hoc|iPhoneSimulator.ActiveCfg = Debug|Any CPU
		{E00C278B-5048-4AB1-8D28-D5D4E0939336}.Ad-Hoc|iPhoneSimulator.Build.0 = Debug|Any CPU
		{E00C278B-5048-4AB1-8D28-D5D4E0939336}.Ad-Hoc|iPhoneSimulator.Deploy.0 = Debug|Any CPU
		{E00C278B-5048-4AB1-8D28-D5D4E0939336}.AppStore|Any CPU.ActiveCfg = Debug|Any CPU
		{E00C278B-5048-4AB1-8D28-D5D4E0939336}.AppStore|Any CPU.Build.0 = Debug|Any CPU
		{E00C278B-5048-4AB1-8D28-D5D4E0939336}.AppStore|Any CPU.Deploy.0 = Debug|Any CPU
		{E00C278B-5048-4AB1-8D28-D5D4E0939336}.AppStore|iPhone.ActiveCfg = Debug|Any CPU
		{E00C278B-5048-4AB1-8D28-D5D4E0939336}.AppStore|iPhone.Build.0 = Debug|Any CPU
		{E00C278B-5048-4AB1-8D28-D5D4E0939336}.AppStore|iPhone.Deploy.0 = Debug|Any CPU
		{E00C278B-5048-4AB1-8D28-D5D4E0939336}.AppStore|iPhoneSimulator.ActiveCfg = Debug|Any CPU
		{E00C278B-5048-4AB1-8D28-D5D4E0939336}.AppStore|iPhoneSimulator.Build.0 = Debug|Any CPU
		{E00C278B-5048-4AB1-8D28-D5D4E0939336}.AppStore|iPhoneSimulator.Deploy.0 = Debug|Any CPU
		{E00C278B-5048-4AB1-8D28-D5D4E0939336}.Debug|Any CPU.ActiveCfg = Debug|Any CPU
		{E00C278B-5048-4AB1-8D28-D5D4E0939336}.Debug|Any CPU.Build.0 = Debug|Any CPU
		{E00C278B-5048-4AB1-8D28-D5D4E0939336}.Debug|Any CPU.Deploy.0 = Debug|Any CPU
		{E00C278B-5048-4AB1-8D28-D5D4E0939336}.Debug|iPhone.ActiveCfg = Debug|Any CPU
		{E00C278B-5048-4AB1-8D28-D5D4E0939336}.Debug|iPhone.Build.0 = Debug|Any CPU
		{E00C278B-5048-4AB1-8D28-D5D4E0939336}.Debug|iPhone.Deploy.0 = Debug|Any CPU
		{E00C278B-5048-4AB1-8D28-D5D4E0939336}.Debug|iPhoneSimulator.ActiveCfg = Debug|Any CPU
		{E00C278B-5048-4AB1-8D28-D5D4E0939336}.Debug|iPhoneSimulator.Build.0 = Debug|Any CPU
		{E00C278B-5048-4AB1-8D28-D5D4E0939336}.Debug|iPhoneSimulator.Deploy.0 = Debug|Any CPU
		{E00C278B-5048-4AB1-8D28-D5D4E0939336}.Release|Any CPU.ActiveCfg = Release|Any CPU
		{E00C278B-5048-4AB1-8D28-D5D4E0939336}.Release|Any CPU.Build.0 = Release|Any CPU
		{E00C278B-5048-4AB1-8D28-D5D4E0939336}.Release|Any CPU.Deploy.0 = Release|Any CPU
		{E00C278B-5048-4AB1-8D28-D5D4E0939336}.Release|iPhone.ActiveCfg = Release|Any CPU
		{E00C278B-5048-4AB1-8D28-D5D4E0939336}.Release|iPhone.Build.0 = Release|Any CPU
		{E00C278B-5048-4AB1-8D28-D5D4E0939336}.Release|iPhone.Deploy.0 = Release|Any CPU
		{E00C278B-5048-4AB1-8D28-D5D4E0939336}.Release|iPhoneSimulator.ActiveCfg = Release|Any CPU
		{E00C278B-5048-4AB1-8D28-D5D4E0939336}.Release|iPhoneSimulator.Build.0 = Release|Any CPU
		{E00C278B-5048-4AB1-8D28-D5D4E0939336}.Release|iPhoneSimulator.Deploy.0 = Release|Any CPU
	EndGlobalSection
	GlobalSection(SolutionProperties) = preSolution
		HideSolutionNode = FALSE
	EndGlobalSection
	GlobalSection(ExtensibilityGlobals) = postSolution
		SolutionGuid = {09AEF69C-EC2C-4416-8A95-65A14F1788EF}
	EndGlobalSection
EndGlobal
